
Microsoft Visual Studio Solution File, Format Version 12.00
# Visual Studio Version 17
VisualStudioVersion = 17.11.35312.102
MinimumVisualStudioVersion = 10.0.40219.1
Project("{2150E333-8FDC-42A3-9474-1A3956D46DE8}") = "src", "src", "{D9601ACB-0390-4B9D-B3D9-BE47FE5FCF75}"
EndProject
Project("{2150E333-8FDC-42A3-9474-1A3956D46DE8}") = "PublicApi", "PublicApi", "{FE0589C6-0E12-4846-8633-C2414FDA10B2}"
EndProject
Project("{2150E333-8FDC-42A3-9474-1A3956D46DE8}") = "Core", "Core", "{EBDB93FA-CCCC-4EC0-8015-213BD8DFA5AE}"
EndProject
Project("{2150E333-8FDC-42A3-9474-1A3956D46DE8}") = "Application", "Application", "{05E3F6CA-4A01-477B-8EA9-A1AF6E3CF70B}"
EndProject
Project("{9A19103F-16F7-4668-BE54-9A1E7A4F7556}") = "TaskManager.PublicApi", "src\PublicApi\TaskManager.PublicApi\TaskManager.PublicApi.csproj", "{9BBBC0DF-7EA1-4ECA-9E45-4F5D44E93CB0}"
EndProject
Project("{9A19103F-16F7-4668-BE54-9A1E7A4F7556}") = "TaskManager.Core.Entities", "src\Core\TaskManager.Core.Entities\TaskManager.Core.Entities.csproj", "{D9E91C75-450E-4BC8-8D4D-492438962030}"
EndProject
Project("{9A19103F-16F7-4668-BE54-9A1E7A4F7556}") = "TaskManager.Application", "src\Application\TaskManager.Application\TaskManager.Application.csproj", "{02FA1F59-E406-415F-BF9A-580F0EE64A53}"
EndProject
Project("{9A19103F-16F7-4668-BE54-9A1E7A4F7556}") = "TaskManager.Application.Tests", "src\Application\TaskManager.Application.Tests\TaskManager.Application.Tests.csproj", "{C5671450-36B6-4A2A-9EB5-F3F728A83323}"
EndProject
Project("{2150E333-8FDC-42A3-9474-1A3956D46DE8}") = "Infastructure", "Infastructure", "{EF77468F-D4D7-41D4-8351-6E35AAAB5182}"
EndProject
Project("{9A19103F-16F7-4668-BE54-9A1E7A4F7556}") = "TaskManager.Infastructure.PostgreSql", "src\Infastructure\TaskManager.Infastructure.PostgreSql\TaskManager.Infastructure.PostgreSql.csproj", "{7DE554BF-5CF3-4819-BCDF-4897D58C2D87}"
EndProject
Project("{9A19103F-16F7-4668-BE54-9A1E7A4F7556}") = "TaskManager.Infastructure.EntityConfigurations", "src\Infastructure\TaskManager.Infastructure.EntityConfigurations\TaskManager.Infastructure.EntityConfigurations.csproj", "{9DF6B228-0967-446B-BB79-9EE5CB1E5EA0}"
EndProject
Project("{9A19103F-16F7-4668-BE54-9A1E7A4F7556}") = "TaskManager.Infastructure.Sqlite", "src\Infastructure\TaskManager.Infastructure.Sqlite\TaskManager.Infastructure.Sqlite.csproj", "{112129CE-CF8E-4B80-ACF1-2FB55C0199BB}"
EndProject
Project("{9A19103F-16F7-4668-BE54-9A1E7A4F7556}") = "TaskManager.Core.UseCases", "src\Core\TaskManager.Core.UseCases\TaskManager.Core.UseCases.csproj", "{B8AA6B86-EE9D-4357-BBBA-B485F073E233}"
EndProject
Project("{2150E333-8FDC-42A3-9474-1A3956D46DE8}") = "Tests", "Tests", "{AC975F3C-13C2-4D1A-B3C5-D436FC521D32}"
EndProject
Project("{2150E333-8FDC-42A3-9474-1A3956D46DE8}") = "Unit", "Unit", "{0E5709CC-8F1B-41A3-9C8F-6F66EDC37EC0}"
EndProject
Project("{2150E333-8FDC-42A3-9474-1A3956D46DE8}") = "Application", "Application", "{5E85EB26-BD2B-403F-876D-25A19722BF28}"
EndProject
Project("{2150E333-8FDC-42A3-9474-1A3956D46DE8}") = "Core", "Core", "{7ED28600-B928-41C0-9512-610AF0D5EA3B}"
EndProject
Project("{2150E333-8FDC-42A3-9474-1A3956D46DE8}") = "Infrastructure", "Infrastructure", "{EDC66AB2-C942-4715-8E1F-AD9FA233B8F6}"
EndProject
Project("{2150E333-8FDC-42A3-9474-1A3956D46DE8}") = "PublicApi", "PublicApi", "{99C5450C-955A-4856-B720-421F16B4930A}"
EndProject
Project("{9A19103F-16F7-4668-BE54-9A1E7A4F7556}") = "TaskManager.Tests.Infrastructure", "src\Tests\Unit\Infrastructure\TaskManager.Tests.Infrastructure\TaskManager.Tests.Infrastructure.csproj", "{88B6CE13-1963-4DB3-A62F-58038703210D}"
EndProject
Project("{2150E333-8FDC-42A3-9474-1A3956D46DE8}") = "Microservices", "Microservices", "{6E1978A0-03FD-49DB-B025-858705B38436}"
EndProject
Project("{2150E333-8FDC-42A3-9474-1A3956D46DE8}") = "User", "User", "{C75AD606-1D83-473A-BBE1-11960EAD4483}"
EndProject
Project("{2150E333-8FDC-42A3-9474-1A3956D46DE8}") = "UserTaskColumn", "UserTaskColumn", "{CF330B21-CA51-4592-B8D6-C35A7DB4F878}"
EndProject
Project("{2150E333-8FDC-42A3-9474-1A3956D46DE8}") = "UserTask", "UserTask", "{701ED4C6-EF5E-4A1E-9079-1D7160D53351}"
EndProject
Project("{2150E333-8FDC-42A3-9474-1A3956D46DE8}") = "Role", "Role", "{F5DDBE79-7BF4-4AEF-BE6A-32FBB8FDDE3C}"
EndProject
Project("{2150E333-8FDC-42A3-9474-1A3956D46DE8}") = "UserBoard", "UserBoard", "{BDF0FDB6-77AA-4BDD-A456-652DFADA31FB}"
EndProject
Project("{2150E333-8FDC-42A3-9474-1A3956D46DE8}") = "PublicApi", "PublicApi", "{7423F2A3-01DE-4375-A883-A2B2B17DC6DA}"
EndProject
Project("{2150E333-8FDC-42A3-9474-1A3956D46DE8}") = "Infrastructure", "Infrastructure", "{7CA9FAD1-2C20-45A5-9573-983C205A997A}"
EndProject
Project("{2150E333-8FDC-42A3-9474-1A3956D46DE8}") = "Core", "Core", "{25AD0550-A30C-4CCF-A8B3-A367C5EAB55D}"
EndProject
Project("{2150E333-8FDC-42A3-9474-1A3956D46DE8}") = "Application", "Application", "{ECB416C1-9F6B-4CD7-AC2B-A61AFBA97BFE}"
EndProject
Global
	GlobalSection(SolutionConfigurationPlatforms) = preSolution
		Debug|Any CPU = Debug|Any CPU
		Release|Any CPU = Release|Any CPU
	EndGlobalSection
	GlobalSection(ProjectConfigurationPlatforms) = postSolution
		{9BBBC0DF-7EA1-4ECA-9E45-4F5D44E93CB0}.Debug|Any CPU.ActiveCfg = Debug|Any CPU
		{9BBBC0DF-7EA1-4ECA-9E45-4F5D44E93CB0}.Debug|Any CPU.Build.0 = Debug|Any CPU
		{9BBBC0DF-7EA1-4ECA-9E45-4F5D44E93CB0}.Release|Any CPU.ActiveCfg = Release|Any CPU
		{9BBBC0DF-7EA1-4ECA-9E45-4F5D44E93CB0}.Release|Any CPU.Build.0 = Release|Any CPU
		{D9E91C75-450E-4BC8-8D4D-492438962030}.Debug|Any CPU.ActiveCfg = Debug|Any CPU
		{D9E91C75-450E-4BC8-8D4D-492438962030}.Debug|Any CPU.Build.0 = Debug|Any CPU
		{D9E91C75-450E-4BC8-8D4D-492438962030}.Release|Any CPU.ActiveCfg = Release|Any CPU
		{D9E91C75-450E-4BC8-8D4D-492438962030}.Release|Any CPU.Build.0 = Release|Any CPU
		{02FA1F59-E406-415F-BF9A-580F0EE64A53}.Debug|Any CPU.ActiveCfg = Debug|Any CPU
		{02FA1F59-E406-415F-BF9A-580F0EE64A53}.Debug|Any CPU.Build.0 = Debug|Any CPU
		{02FA1F59-E406-415F-BF9A-580F0EE64A53}.Release|Any CPU.ActiveCfg = Release|Any CPU
		{02FA1F59-E406-415F-BF9A-580F0EE64A53}.Release|Any CPU.Build.0 = Release|Any CPU
		{C5671450-36B6-4A2A-9EB5-F3F728A83323}.Debug|Any CPU.ActiveCfg = Debug|Any CPU
		{C5671450-36B6-4A2A-9EB5-F3F728A83323}.Debug|Any CPU.Build.0 = Debug|Any CPU
		{C5671450-36B6-4A2A-9EB5-F3F728A83323}.Release|Any CPU.ActiveCfg = Release|Any CPU
		{C5671450-36B6-4A2A-9EB5-F3F728A83323}.Release|Any CPU.Build.0 = Release|Any CPU
		{7DE554BF-5CF3-4819-BCDF-4897D58C2D87}.Debug|Any CPU.ActiveCfg = Debug|Any CPU
		{7DE554BF-5CF3-4819-BCDF-4897D58C2D87}.Debug|Any CPU.Build.0 = Debug|Any CPU
		{7DE554BF-5CF3-4819-BCDF-4897D58C2D87}.Release|Any CPU.ActiveCfg = Release|Any CPU
		{7DE554BF-5CF3-4819-BCDF-4897D58C2D87}.Release|Any CPU.Build.0 = Release|Any CPU
		{9DF6B228-0967-446B-BB79-9EE5CB1E5EA0}.Debug|Any CPU.ActiveCfg = Debug|Any CPU
		{9DF6B228-0967-446B-BB79-9EE5CB1E5EA0}.Debug|Any CPU.Build.0 = Debug|Any CPU
		{9DF6B228-0967-446B-BB79-9EE5CB1E5EA0}.Release|Any CPU.ActiveCfg = Release|Any CPU
		{9DF6B228-0967-446B-BB79-9EE5CB1E5EA0}.Release|Any CPU.Build.0 = Release|Any CPU
		{112129CE-CF8E-4B80-ACF1-2FB55C0199BB}.Debug|Any CPU.ActiveCfg = Debug|Any CPU
		{112129CE-CF8E-4B80-ACF1-2FB55C0199BB}.Debug|Any CPU.Build.0 = Debug|Any CPU
		{112129CE-CF8E-4B80-ACF1-2FB55C0199BB}.Release|Any CPU.ActiveCfg = Release|Any CPU
		{112129CE-CF8E-4B80-ACF1-2FB55C0199BB}.Release|Any CPU.Build.0 = Release|Any CPU
		{B8AA6B86-EE9D-4357-BBBA-B485F073E233}.Debug|Any CPU.ActiveCfg = Debug|Any CPU
		{B8AA6B86-EE9D-4357-BBBA-B485F073E233}.Debug|Any CPU.Build.0 = Debug|Any CPU
		{B8AA6B86-EE9D-4357-BBBA-B485F073E233}.Release|Any CPU.ActiveCfg = Release|Any CPU
		{B8AA6B86-EE9D-4357-BBBA-B485F073E233}.Release|Any CPU.Build.0 = Release|Any CPU
		{88B6CE13-1963-4DB3-A62F-58038703210D}.Debug|Any CPU.ActiveCfg = Debug|Any CPU
		{88B6CE13-1963-4DB3-A62F-58038703210D}.Debug|Any CPU.Build.0 = Debug|Any CPU
		{88B6CE13-1963-4DB3-A62F-58038703210D}.Release|Any CPU.ActiveCfg = Release|Any CPU
		{88B6CE13-1963-4DB3-A62F-58038703210D}.Release|Any CPU.Build.0 = Release|Any CPU
	EndGlobalSection
	GlobalSection(SolutionProperties) = preSolution
		HideSolutionNode = FALSE
	EndGlobalSection
	GlobalSection(NestedProjects) = preSolution
		{FE0589C6-0E12-4846-8633-C2414FDA10B2} = {D9601ACB-0390-4B9D-B3D9-BE47FE5FCF75}
		{EBDB93FA-CCCC-4EC0-8015-213BD8DFA5AE} = {D9601ACB-0390-4B9D-B3D9-BE47FE5FCF75}
		{05E3F6CA-4A01-477B-8EA9-A1AF6E3CF70B} = {D9601ACB-0390-4B9D-B3D9-BE47FE5FCF75}
		{9BBBC0DF-7EA1-4ECA-9E45-4F5D44E93CB0} = {FE0589C6-0E12-4846-8633-C2414FDA10B2}
		{D9E91C75-450E-4BC8-8D4D-492438962030} = {EBDB93FA-CCCC-4EC0-8015-213BD8DFA5AE}
		{02FA1F59-E406-415F-BF9A-580F0EE64A53} = {05E3F6CA-4A01-477B-8EA9-A1AF6E3CF70B}
		{C5671450-36B6-4A2A-9EB5-F3F728A83323} = {05E3F6CA-4A01-477B-8EA9-A1AF6E3CF70B}
		{EF77468F-D4D7-41D4-8351-6E35AAAB5182} = {D9601ACB-0390-4B9D-B3D9-BE47FE5FCF75}
		{7DE554BF-5CF3-4819-BCDF-4897D58C2D87} = {EF77468F-D4D7-41D4-8351-6E35AAAB5182}
		{9DF6B228-0967-446B-BB79-9EE5CB1E5EA0} = {EF77468F-D4D7-41D4-8351-6E35AAAB5182}
		{112129CE-CF8E-4B80-ACF1-2FB55C0199BB} = {EF77468F-D4D7-41D4-8351-6E35AAAB5182}
		{B8AA6B86-EE9D-4357-BBBA-B485F073E233} = {EBDB93FA-CCCC-4EC0-8015-213BD8DFA5AE}
		{AC975F3C-13C2-4D1A-B3C5-D436FC521D32} = {D9601ACB-0390-4B9D-B3D9-BE47FE5FCF75}
		{0E5709CC-8F1B-41A3-9C8F-6F66EDC37EC0} = {AC975F3C-13C2-4D1A-B3C5-D436FC521D32}
		{5E85EB26-BD2B-403F-876D-25A19722BF28} = {0E5709CC-8F1B-41A3-9C8F-6F66EDC37EC0}
		{7ED28600-B928-41C0-9512-610AF0D5EA3B} = {0E5709CC-8F1B-41A3-9C8F-6F66EDC37EC0}
		{EDC66AB2-C942-4715-8E1F-AD9FA233B8F6} = {0E5709CC-8F1B-41A3-9C8F-6F66EDC37EC0}
		{99C5450C-955A-4856-B720-421F16B4930A} = {0E5709CC-8F1B-41A3-9C8F-6F66EDC37EC0}
		{88B6CE13-1963-4DB3-A62F-58038703210D} = {EDC66AB2-C942-4715-8E1F-AD9FA233B8F6}
		{6E1978A0-03FD-49DB-B025-858705B38436} = {D9601ACB-0390-4B9D-B3D9-BE47FE5FCF75}
		{C75AD606-1D83-473A-BBE1-11960EAD4483} = {6E1978A0-03FD-49DB-B025-858705B38436}
		{CF330B21-CA51-4592-B8D6-C35A7DB4F878} = {6E1978A0-03FD-49DB-B025-858705B38436}
		{701ED4C6-EF5E-4A1E-9079-1D7160D53351} = {6E1978A0-03FD-49DB-B025-858705B38436}
		{F5DDBE79-7BF4-4AEF-BE6A-32FBB8FDDE3C} = {6E1978A0-03FD-49DB-B025-858705B38436}
		{BDF0FDB6-77AA-4BDD-A456-652DFADA31FB} = {6E1978A0-03FD-49DB-B025-858705B38436}
		{7423F2A3-01DE-4375-A883-A2B2B17DC6DA} = {C75AD606-1D83-473A-BBE1-11960EAD4483}
		{7CA9FAD1-2C20-45A5-9573-983C205A997A} = {C75AD606-1D83-473A-BBE1-11960EAD4483}
		{25AD0550-A30C-4CCF-A8B3-A367C5EAB55D} = {C75AD606-1D83-473A-BBE1-11960EAD4483}
		{ECB416C1-9F6B-4CD7-AC2B-A61AFBA97BFE} = {C75AD606-1D83-473A-BBE1-11960EAD4483}
	EndGlobalSection
	GlobalSection(ExtensibilityGlobals) = postSolution
		SolutionGuid = {D21E1920-7EA2-41F3-AA5D-A598681BB756}
	EndGlobalSection
EndGlobal
