
Microsoft Visual Studio Solution File, Format Version 12.00
# Visual Studio Version 17
VisualStudioVersion = 17.11.35312.102
MinimumVisualStudioVersion = 10.0.40219.1
Project("{2150E333-8FDC-42A3-9474-1A3956D46DE8}") = "src", "src", "{D9601ACB-0390-4B9D-B3D9-BE47FE5FCF75}"
EndProject
Project("{2150E333-8FDC-42A3-9474-1A3956D46DE8}") = "PublicApi", "PublicApi", "{FE0589C6-0E12-4846-8633-C2414FDA10B2}"
EndProject
Project("{2150E333-8FDC-42A3-9474-1A3956D46DE8}") = "Domain", "Domain", "{EBDB93FA-CCCC-4EC0-8015-213BD8DFA5AE}"
EndProject
Project("{2150E333-8FDC-42A3-9474-1A3956D46DE8}") = "Application", "Application", "{05E3F6CA-4A01-477B-8EA9-A1AF6E3CF70B}"
EndProject
Project("{9A19103F-16F7-4668-BE54-9A1E7A4F7556}") = "TaskManager.Domain.Entities", "src\Core\TaskManager.Core.Entities\TaskManager.Domain.Entities.csproj", "{D9E91C75-450E-4BC8-8D4D-492438962030}"
EndProject
Project("{2150E333-8FDC-42A3-9474-1A3956D46DE8}") = "Infastructure", "Infastructure", "{EF77468F-D4D7-41D4-8351-6E35AAAB5182}"
EndProject
Project("{9A19103F-16F7-4668-BE54-9A1E7A4F7556}") = "TaskManager.Domain.UseCases", "src\Core\TaskManager.Core.UseCases\TaskManager.Domain.UseCases.csproj", "{B8AA6B86-EE9D-4357-BBBA-B485F073E233}"
EndProject
Project("{2150E333-8FDC-42A3-9474-1A3956D46DE8}") = "Tests", "Tests", "{AC975F3C-13C2-4D1A-B3C5-D436FC521D32}"
EndProject
Project("{2150E333-8FDC-42A3-9474-1A3956D46DE8}") = "Unit", "Unit", "{0E5709CC-8F1B-41A3-9C8F-6F66EDC37EC0}"
EndProject
Project("{2150E333-8FDC-42A3-9474-1A3956D46DE8}") = "Application", "Application", "{5E85EB26-BD2B-403F-876D-25A19722BF28}"
EndProject
Project("{2150E333-8FDC-42A3-9474-1A3956D46DE8}") = "Core", "Core", "{7ED28600-B928-41C0-9512-610AF0D5EA3B}"
EndProject
Project("{2150E333-8FDC-42A3-9474-1A3956D46DE8}") = "Infrastructure", "Infrastructure", "{EDC66AB2-C942-4715-8E1F-AD9FA233B8F6}"
EndProject
Project("{2150E333-8FDC-42A3-9474-1A3956D46DE8}") = "PublicApi", "PublicApi", "{99C5450C-955A-4856-B720-421F16B4930A}"
EndProject
Project("{9A19103F-16F7-4668-BE54-9A1E7A4F7556}") = "TaskManager.Infrastructure.Sqlite", "src\Infastructure\TaskManager.Infastructure.Sqlite\TaskManager.Infrastructure.Sqlite.csproj", "{72F6A589-D4A8-4BD5-897B-06BF813248DF}"
EndProject
Project("{9A19103F-16F7-4668-BE54-9A1E7A4F7556}") = "TaskManager.Infrastructure.PostgreSql", "src\Infastructure\TaskManager.Infastructure.PostgreSql\TaskManager.Infrastructure.PostgreSql.csproj", "{0A20EDD0-82A4-4942-949F-058B2EA83553}"
EndProject
Project("{9A19103F-16F7-4668-BE54-9A1E7A4F7556}") = "TaskManager.PublicApi", "src\PublicApi\TaskManager.PublicApi\TaskManager.PublicApi.csproj", "{467B8092-1CF7-4956-BFEA-FB1D0A371FF1}"
EndProject
Project("{9A19103F-16F7-4668-BE54-9A1E7A4F7556}") = "TaskManager.Tests.Infrastructure.Unit", "src\Tests\UseCases\Unit\TaskManager.Tests.UseCases.Unit\TaskManager.Tests.Infrastructure.Unit.csproj", "{B4D1FDF1-750B-4BA6-BC19-E09D2A8A4723}"
EndProject
Project("{9A19103F-16F7-4668-BE54-9A1E7A4F7556}") = "TaskManager.Tests.Application.Unit", "src\Tests\TaskManager.Tests.Application.Unit\TaskManager.Tests.Application.Unit.csproj", "{7476E0BD-B509-4D8A-A038-A73FC841B1C5}"
EndProject
Project("{9A19103F-16F7-4668-BE54-9A1E7A4F7556}") = "TaskManager.Application.User", "src\Application\TaskManager.Application.User\TaskManager.Application.User.csproj", "{CBFE2BD7-3541-49A7-86ED-139066CCB5B7}"
EndProject
Project("{9A19103F-16F7-4668-BE54-9A1E7A4F7556}") = "TaskManager.Application.Common", "src\Application\TaskManager.Application.Common\TaskManager.Application.Common.csproj", "{5C391D5D-D100-4348-B7F8-23D9CBDAE53E}"
EndProject
Project("{9A19103F-16F7-4668-BE54-9A1E7A4F7556}") = "TaskManager.Application.UserTask", "src\Application\TaskManager.Application.Task\TaskManager.Application.UserTask.csproj", "{DDEA086F-3F80-4882-9B7B-CE911887B0E5}"
EndProject
Project("{9A19103F-16F7-4668-BE54-9A1E7A4F7556}") = "TaskManager.Application.TaskColumn", "src\Application\TaskManager.Application.TaskColumn\TaskManager.Application.TaskColumn.csproj", "{A2E80AA0-2EE2-4E10-9CF8-E1879082B6B5}"
EndProject
Project("{9A19103F-16F7-4668-BE54-9A1E7A4F7556}") = "TaskManager.Application.Role", "src\Application\TaskManager.Application.Role\TaskManager.Application.Role.csproj", "{10AB6158-3D5C-4349-A6F4-B5B627BF4D8A}"
EndProject
Project("{9A19103F-16F7-4668-BE54-9A1E7A4F7556}") = "TaskManager.Application.DIExtensions", "src\Application\TaskManager.Application.DIExtensions\TaskManager.Application.DIExtensions.csproj", "{563EDCD9-8C3D-4A20-AAA1-BC1A071D6CC9}"
EndProject
Global
	GlobalSection(SolutionConfigurationPlatforms) = preSolution
		Debug|Any CPU = Debug|Any CPU
		Release|Any CPU = Release|Any CPU
	EndGlobalSection
	GlobalSection(ProjectConfigurationPlatforms) = postSolution
		{D9E91C75-450E-4BC8-8D4D-492438962030}.Debug|Any CPU.ActiveCfg = Debug|Any CPU
		{D9E91C75-450E-4BC8-8D4D-492438962030}.Debug|Any CPU.Build.0 = Debug|Any CPU
		{D9E91C75-450E-4BC8-8D4D-492438962030}.Release|Any CPU.ActiveCfg = Release|Any CPU
		{D9E91C75-450E-4BC8-8D4D-492438962030}.Release|Any CPU.Build.0 = Release|Any CPU
		{B8AA6B86-EE9D-4357-BBBA-B485F073E233}.Debug|Any CPU.ActiveCfg = Debug|Any CPU
		{B8AA6B86-EE9D-4357-BBBA-B485F073E233}.Debug|Any CPU.Build.0 = Debug|Any CPU
		{B8AA6B86-EE9D-4357-BBBA-B485F073E233}.Release|Any CPU.ActiveCfg = Release|Any CPU
		{B8AA6B86-EE9D-4357-BBBA-B485F073E233}.Release|Any CPU.Build.0 = Release|Any CPU
		{72F6A589-D4A8-4BD5-897B-06BF813248DF}.Debug|Any CPU.ActiveCfg = Debug|Any CPU
		{72F6A589-D4A8-4BD5-897B-06BF813248DF}.Debug|Any CPU.Build.0 = Debug|Any CPU
		{72F6A589-D4A8-4BD5-897B-06BF813248DF}.Release|Any CPU.ActiveCfg = Release|Any CPU
		{72F6A589-D4A8-4BD5-897B-06BF813248DF}.Release|Any CPU.Build.0 = Release|Any CPU
		{0A20EDD0-82A4-4942-949F-058B2EA83553}.Debug|Any CPU.ActiveCfg = Debug|Any CPU
		{0A20EDD0-82A4-4942-949F-058B2EA83553}.Debug|Any CPU.Build.0 = Debug|Any CPU
		{0A20EDD0-82A4-4942-949F-058B2EA83553}.Release|Any CPU.ActiveCfg = Release|Any CPU
		{0A20EDD0-82A4-4942-949F-058B2EA83553}.Release|Any CPU.Build.0 = Release|Any CPU
		{467B8092-1CF7-4956-BFEA-FB1D0A371FF1}.Debug|Any CPU.ActiveCfg = Debug|Any CPU
		{467B8092-1CF7-4956-BFEA-FB1D0A371FF1}.Debug|Any CPU.Build.0 = Debug|Any CPU
		{467B8092-1CF7-4956-BFEA-FB1D0A371FF1}.Release|Any CPU.ActiveCfg = Release|Any CPU
		{467B8092-1CF7-4956-BFEA-FB1D0A371FF1}.Release|Any CPU.Build.0 = Release|Any CPU
		{B4D1FDF1-750B-4BA6-BC19-E09D2A8A4723}.Debug|Any CPU.ActiveCfg = Debug|Any CPU
		{B4D1FDF1-750B-4BA6-BC19-E09D2A8A4723}.Debug|Any CPU.Build.0 = Debug|Any CPU
		{B4D1FDF1-750B-4BA6-BC19-E09D2A8A4723}.Release|Any CPU.ActiveCfg = Release|Any CPU
		{B4D1FDF1-750B-4BA6-BC19-E09D2A8A4723}.Release|Any CPU.Build.0 = Release|Any CPU
		{7476E0BD-B509-4D8A-A038-A73FC841B1C5}.Debug|Any CPU.ActiveCfg = Debug|Any CPU
		{7476E0BD-B509-4D8A-A038-A73FC841B1C5}.Debug|Any CPU.Build.0 = Debug|Any CPU
		{7476E0BD-B509-4D8A-A038-A73FC841B1C5}.Release|Any CPU.ActiveCfg = Release|Any CPU
		{7476E0BD-B509-4D8A-A038-A73FC841B1C5}.Release|Any CPU.Build.0 = Release|Any CPU
		{CBFE2BD7-3541-49A7-86ED-139066CCB5B7}.Debug|Any CPU.ActiveCfg = Debug|Any CPU
		{CBFE2BD7-3541-49A7-86ED-139066CCB5B7}.Debug|Any CPU.Build.0 = Debug|Any CPU
		{CBFE2BD7-3541-49A7-86ED-139066CCB5B7}.Release|Any CPU.ActiveCfg = Release|Any CPU
		{CBFE2BD7-3541-49A7-86ED-139066CCB5B7}.Release|Any CPU.Build.0 = Release|Any CPU
		{5C391D5D-D100-4348-B7F8-23D9CBDAE53E}.Debug|Any CPU.ActiveCfg = Debug|Any CPU
		{5C391D5D-D100-4348-B7F8-23D9CBDAE53E}.Debug|Any CPU.Build.0 = Debug|Any CPU
		{5C391D5D-D100-4348-B7F8-23D9CBDAE53E}.Release|Any CPU.ActiveCfg = Release|Any CPU
		{5C391D5D-D100-4348-B7F8-23D9CBDAE53E}.Release|Any CPU.Build.0 = Release|Any CPU
		{DDEA086F-3F80-4882-9B7B-CE911887B0E5}.Debug|Any CPU.ActiveCfg = Debug|Any CPU
		{DDEA086F-3F80-4882-9B7B-CE911887B0E5}.Debug|Any CPU.Build.0 = Debug|Any CPU
		{DDEA086F-3F80-4882-9B7B-CE911887B0E5}.Release|Any CPU.ActiveCfg = Release|Any CPU
		{DDEA086F-3F80-4882-9B7B-CE911887B0E5}.Release|Any CPU.Build.0 = Release|Any CPU
		{A2E80AA0-2EE2-4E10-9CF8-E1879082B6B5}.Debug|Any CPU.ActiveCfg = Debug|Any CPU
		{A2E80AA0-2EE2-4E10-9CF8-E1879082B6B5}.Debug|Any CPU.Build.0 = Debug|Any CPU
		{A2E80AA0-2EE2-4E10-9CF8-E1879082B6B5}.Release|Any CPU.ActiveCfg = Release|Any CPU
		{A2E80AA0-2EE2-4E10-9CF8-E1879082B6B5}.Release|Any CPU.Build.0 = Release|Any CPU
		{10AB6158-3D5C-4349-A6F4-B5B627BF4D8A}.Debug|Any CPU.ActiveCfg = Debug|Any CPU
		{10AB6158-3D5C-4349-A6F4-B5B627BF4D8A}.Debug|Any CPU.Build.0 = Debug|Any CPU
		{10AB6158-3D5C-4349-A6F4-B5B627BF4D8A}.Release|Any CPU.ActiveCfg = Release|Any CPU
		{10AB6158-3D5C-4349-A6F4-B5B627BF4D8A}.Release|Any CPU.Build.0 = Release|Any CPU
		{563EDCD9-8C3D-4A20-AAA1-BC1A071D6CC9}.Debug|Any CPU.ActiveCfg = Debug|Any CPU
		{563EDCD9-8C3D-4A20-AAA1-BC1A071D6CC9}.Debug|Any CPU.Build.0 = Debug|Any CPU
		{563EDCD9-8C3D-4A20-AAA1-BC1A071D6CC9}.Release|Any CPU.ActiveCfg = Release|Any CPU
		{563EDCD9-8C3D-4A20-AAA1-BC1A071D6CC9}.Release|Any CPU.Build.0 = Release|Any CPU
	EndGlobalSection
	GlobalSection(SolutionProperties) = preSolution
		HideSolutionNode = FALSE
	EndGlobalSection
	GlobalSection(NestedProjects) = preSolution
		{FE0589C6-0E12-4846-8633-C2414FDA10B2} = {D9601ACB-0390-4B9D-B3D9-BE47FE5FCF75}
		{EBDB93FA-CCCC-4EC0-8015-213BD8DFA5AE} = {D9601ACB-0390-4B9D-B3D9-BE47FE5FCF75}
		{05E3F6CA-4A01-477B-8EA9-A1AF6E3CF70B} = {D9601ACB-0390-4B9D-B3D9-BE47FE5FCF75}
		{D9E91C75-450E-4BC8-8D4D-492438962030} = {EBDB93FA-CCCC-4EC0-8015-213BD8DFA5AE}
		{EF77468F-D4D7-41D4-8351-6E35AAAB5182} = {D9601ACB-0390-4B9D-B3D9-BE47FE5FCF75}
		{B8AA6B86-EE9D-4357-BBBA-B485F073E233} = {EBDB93FA-CCCC-4EC0-8015-213BD8DFA5AE}
		{AC975F3C-13C2-4D1A-B3C5-D436FC521D32} = {D9601ACB-0390-4B9D-B3D9-BE47FE5FCF75}
		{0E5709CC-8F1B-41A3-9C8F-6F66EDC37EC0} = {AC975F3C-13C2-4D1A-B3C5-D436FC521D32}
		{5E85EB26-BD2B-403F-876D-25A19722BF28} = {0E5709CC-8F1B-41A3-9C8F-6F66EDC37EC0}
		{7ED28600-B928-41C0-9512-610AF0D5EA3B} = {0E5709CC-8F1B-41A3-9C8F-6F66EDC37EC0}
		{EDC66AB2-C942-4715-8E1F-AD9FA233B8F6} = {0E5709CC-8F1B-41A3-9C8F-6F66EDC37EC0}
		{99C5450C-955A-4856-B720-421F16B4930A} = {0E5709CC-8F1B-41A3-9C8F-6F66EDC37EC0}
		{72F6A589-D4A8-4BD5-897B-06BF813248DF} = {EF77468F-D4D7-41D4-8351-6E35AAAB5182}
		{0A20EDD0-82A4-4942-949F-058B2EA83553} = {EF77468F-D4D7-41D4-8351-6E35AAAB5182}
		{467B8092-1CF7-4956-BFEA-FB1D0A371FF1} = {FE0589C6-0E12-4846-8633-C2414FDA10B2}
		{B4D1FDF1-750B-4BA6-BC19-E09D2A8A4723} = {EDC66AB2-C942-4715-8E1F-AD9FA233B8F6}
		{7476E0BD-B509-4D8A-A038-A73FC841B1C5} = {5E85EB26-BD2B-403F-876D-25A19722BF28}
		{CBFE2BD7-3541-49A7-86ED-139066CCB5B7} = {05E3F6CA-4A01-477B-8EA9-A1AF6E3CF70B}
		{5C391D5D-D100-4348-B7F8-23D9CBDAE53E} = {05E3F6CA-4A01-477B-8EA9-A1AF6E3CF70B}
		{DDEA086F-3F80-4882-9B7B-CE911887B0E5} = {05E3F6CA-4A01-477B-8EA9-A1AF6E3CF70B}
		{A2E80AA0-2EE2-4E10-9CF8-E1879082B6B5} = {05E3F6CA-4A01-477B-8EA9-A1AF6E3CF70B}
		{10AB6158-3D5C-4349-A6F4-B5B627BF4D8A} = {05E3F6CA-4A01-477B-8EA9-A1AF6E3CF70B}
		{563EDCD9-8C3D-4A20-AAA1-BC1A071D6CC9} = {05E3F6CA-4A01-477B-8EA9-A1AF6E3CF70B}
	EndGlobalSection
	GlobalSection(ExtensibilityGlobals) = postSolution
		SolutionGuid = {D21E1920-7EA2-41F3-AA5D-A598681BB756}
	EndGlobalSection
EndGlobal
