
Microsoft Visual Studio Solution File, Format Version 12.00
# Visual Studio Version 17
VisualStudioVersion = 17.11.35312.102
MinimumVisualStudioVersion = 10.0.40219.1
Project("{2150E333-8FDC-42A3-9474-1A3956D46DE8}") = "src", "src", "{D9601ACB-0390-4B9D-B3D9-BE47FE5FCF75}"
EndProject
Project("{2150E333-8FDC-42A3-9474-1A3956D46DE8}") = "PublicApi", "PublicApi", "{FE0589C6-0E12-4846-8633-C2414FDA10B2}"
EndProject
Project("{2150E333-8FDC-42A3-9474-1A3956D46DE8}") = "Domain", "Domain", "{EBDB93FA-CCCC-4EC0-8015-213BD8DFA5AE}"
EndProject
Project("{2150E333-8FDC-42A3-9474-1A3956D46DE8}") = "Application", "Application", "{05E3F6CA-4A01-477B-8EA9-A1AF6E3CF70B}"
EndProject
Project("{9A19103F-16F7-4668-BE54-9A1E7A4F7556}") = "TaskManager.Domain.Entities", "src\Core\TaskManager.Core.Entities\TaskManager.Domain.Entities.csproj", "{D9E91C75-450E-4BC8-8D4D-492438962030}"
EndProject
Project("{2150E333-8FDC-42A3-9474-1A3956D46DE8}") = "Persistence", "Persistence", "{EF77468F-D4D7-41D4-8351-6E35AAAB5182}"
EndProject
Project("{9A19103F-16F7-4668-BE54-9A1E7A4F7556}") = "TaskManager.Domain.UseCases", "src\Core\TaskManager.Core.UseCases\TaskManager.Domain.UseCases.csproj", "{B8AA6B86-EE9D-4357-BBBA-B485F073E233}"
EndProject
Project("{2150E333-8FDC-42A3-9474-1A3956D46DE8}") = "Tests", "Tests", "{AC975F3C-13C2-4D1A-B3C5-D436FC521D32}"
EndProject
Project("{2150E333-8FDC-42A3-9474-1A3956D46DE8}") = "Unit", "Unit", "{0E5709CC-8F1B-41A3-9C8F-6F66EDC37EC0}"
EndProject
Project("{2150E333-8FDC-42A3-9474-1A3956D46DE8}") = "Application", "Application", "{5E85EB26-BD2B-403F-876D-25A19722BF28}"
EndProject
Project("{2150E333-8FDC-42A3-9474-1A3956D46DE8}") = "Core", "Core", "{7ED28600-B928-41C0-9512-610AF0D5EA3B}"
EndProject
Project("{2150E333-8FDC-42A3-9474-1A3956D46DE8}") = "Infrastructure", "Infrastructure", "{EDC66AB2-C942-4715-8E1F-AD9FA233B8F6}"
EndProject
Project("{2150E333-8FDC-42A3-9474-1A3956D46DE8}") = "PublicApi", "PublicApi", "{99C5450C-955A-4856-B720-421F16B4930A}"
EndProject
Project("{9A19103F-16F7-4668-BE54-9A1E7A4F7556}") = "TaskManager.PublicApi", "src\PublicApi\TaskManager.PublicApi\TaskManager.PublicApi.csproj", "{467B8092-1CF7-4956-BFEA-FB1D0A371FF1}"
EndProject
Project("{9A19103F-16F7-4668-BE54-9A1E7A4F7556}") = "TaskManager.Tests.Infrastructure.Unit", "src\Tests\UseCases\Unit\TaskManager.Tests.UseCases.Unit\TaskManager.Tests.Infrastructure.Unit.csproj", "{B4D1FDF1-750B-4BA6-BC19-E09D2A8A4723}"
EndProject
Project("{FAE04EC0-301F-11D3-BF4B-00C04F79EFBC}") = "TaskManager.Tests.Application.Unit", "src\Tests\Application\TaskManager.Tests.Application.Unit\TaskManager.Tests.Application.Unit.csproj", "{26EF2FA5-27F9-414A-864D-D27B0BF282D9}"
EndProject
Project("{FAE04EC0-301F-11D3-BF4B-00C04F79EFBC}") = "TaskManager.Tests.Unit.Common", "src\Tests\TaskManager.Tests.Unit.Common\TaskManager.Tests.Unit.Common.csproj", "{43B628C0-870E-4B6C-82B0-BE04F38E5307}"
EndProject
Project("{FAE04EC0-301F-11D3-BF4B-00C04F79EFBC}") = "TaskManager.Application", "src\Application\TaskManager.Application\TaskManager.Application.csproj", "{4E7C23F1-0014-49AE-A2C6-0151D898E037}"
EndProject
Project("{2150E333-8FDC-42A3-9474-1A3956D46DE8}") = "Infrastructure", "Infrastructure", "{99DC2184-3452-433D-B2AF-C2DFE40804F1}"
EndProject
Project("{FAE04EC0-301F-11D3-BF4B-00C04F79EFBC}") = "TaskManager.Infrastructure.File", "src\Infastructure\TaskManager.Infrastructure.File\TaskManager.Infrastructure.File.csproj", "{5A2E2838-D248-4A1C-A4C6-017C41E13356}"
EndProject
Project("{FAE04EC0-301F-11D3-BF4B-00C04F79EFBC}") = "TaskManager.Persistence.Sqlite", "src\Persistence\TaskManager.Persistence.Sqlite\TaskManager.Persistence.Sqlite.csproj", "{18404B87-3AF2-436E-9952-8E9EE3CD7860}"
EndProject
Project("{FAE04EC0-301F-11D3-BF4B-00C04F79EFBC}") = "TaskManager.Infrastructure.Security", "src\Infastructure\TaskManager.Infrastructure.Security\TaskManager.Infrastructure.Security.csproj", "{8CC555EB-28B1-404F-9434-1613692A4F22}"
EndProject
Project("{FAE04EC0-301F-11D3-BF4B-00C04F79EFBC}") = "TaskManager.Infrastructure.Email", "src\Infastructure\TaskManager.Infrastructure.Email\TaskManager.Infrastructure.Email.csproj", "{F7193CDA-5328-4C74-84F4-ECD5E6D47BD6}"
EndProject
Project("{FAE04EC0-301F-11D3-BF4B-00C04F79EFBC}") = "TaskManager.Infrastructure.Code", "src\Infastructure\TaskManager.Infrastructure.Code\TaskManager.Infrastructure.Code.csproj", "{02BD1E53-C9C4-49A7-B4A8-8482A2EA5EC7}"
EndProject
Project("{FAE04EC0-301F-11D3-BF4B-00C04F79EFBC}") = "TaskManager.Infrastructure.Validator", "src\Infastructure\TaskManager.Infrastructure.Validator\TaskManager.Infrastructure.Validator.csproj", "{25A7F0F9-6D38-4013-818F-8D3DA13B116C}"
EndProject
Global
	GlobalSection(SolutionConfigurationPlatforms) = preSolution
		Debug|Any CPU = Debug|Any CPU
		Release|Any CPU = Release|Any CPU
	EndGlobalSection
	GlobalSection(ProjectConfigurationPlatforms) = postSolution
		{D9E91C75-450E-4BC8-8D4D-492438962030}.Debug|Any CPU.ActiveCfg = Debug|Any CPU
		{D9E91C75-450E-4BC8-8D4D-492438962030}.Debug|Any CPU.Build.0 = Debug|Any CPU
		{D9E91C75-450E-4BC8-8D4D-492438962030}.Release|Any CPU.ActiveCfg = Release|Any CPU
		{D9E91C75-450E-4BC8-8D4D-492438962030}.Release|Any CPU.Build.0 = Release|Any CPU
		{B8AA6B86-EE9D-4357-BBBA-B485F073E233}.Debug|Any CPU.ActiveCfg = Debug|Any CPU
		{B8AA6B86-EE9D-4357-BBBA-B485F073E233}.Debug|Any CPU.Build.0 = Debug|Any CPU
		{B8AA6B86-EE9D-4357-BBBA-B485F073E233}.Release|Any CPU.ActiveCfg = Release|Any CPU
		{B8AA6B86-EE9D-4357-BBBA-B485F073E233}.Release|Any CPU.Build.0 = Release|Any CPU
		{467B8092-1CF7-4956-BFEA-FB1D0A371FF1}.Debug|Any CPU.ActiveCfg = Debug|Any CPU
		{467B8092-1CF7-4956-BFEA-FB1D0A371FF1}.Debug|Any CPU.Build.0 = Debug|Any CPU
		{467B8092-1CF7-4956-BFEA-FB1D0A371FF1}.Release|Any CPU.ActiveCfg = Release|Any CPU
		{467B8092-1CF7-4956-BFEA-FB1D0A371FF1}.Release|Any CPU.Build.0 = Release|Any CPU
		{B4D1FDF1-750B-4BA6-BC19-E09D2A8A4723}.Debug|Any CPU.ActiveCfg = Debug|Any CPU
		{B4D1FDF1-750B-4BA6-BC19-E09D2A8A4723}.Debug|Any CPU.Build.0 = Debug|Any CPU
		{B4D1FDF1-750B-4BA6-BC19-E09D2A8A4723}.Release|Any CPU.ActiveCfg = Release|Any CPU
		{B4D1FDF1-750B-4BA6-BC19-E09D2A8A4723}.Release|Any CPU.Build.0 = Release|Any CPU
		{26EF2FA5-27F9-414A-864D-D27B0BF282D9}.Debug|Any CPU.ActiveCfg = Debug|Any CPU
		{26EF2FA5-27F9-414A-864D-D27B0BF282D9}.Debug|Any CPU.Build.0 = Debug|Any CPU
		{26EF2FA5-27F9-414A-864D-D27B0BF282D9}.Release|Any CPU.ActiveCfg = Release|Any CPU
		{26EF2FA5-27F9-414A-864D-D27B0BF282D9}.Release|Any CPU.Build.0 = Release|Any CPU
		{43B628C0-870E-4B6C-82B0-BE04F38E5307}.Debug|Any CPU.ActiveCfg = Debug|Any CPU
		{43B628C0-870E-4B6C-82B0-BE04F38E5307}.Debug|Any CPU.Build.0 = Debug|Any CPU
		{43B628C0-870E-4B6C-82B0-BE04F38E5307}.Release|Any CPU.ActiveCfg = Release|Any CPU
		{43B628C0-870E-4B6C-82B0-BE04F38E5307}.Release|Any CPU.Build.0 = Release|Any CPU
		{4E7C23F1-0014-49AE-A2C6-0151D898E037}.Debug|Any CPU.ActiveCfg = Debug|Any CPU
		{4E7C23F1-0014-49AE-A2C6-0151D898E037}.Debug|Any CPU.Build.0 = Debug|Any CPU
		{4E7C23F1-0014-49AE-A2C6-0151D898E037}.Release|Any CPU.ActiveCfg = Release|Any CPU
		{4E7C23F1-0014-49AE-A2C6-0151D898E037}.Release|Any CPU.Build.0 = Release|Any CPU
		{5A2E2838-D248-4A1C-A4C6-017C41E13356}.Debug|Any CPU.ActiveCfg = Debug|Any CPU
		{5A2E2838-D248-4A1C-A4C6-017C41E13356}.Debug|Any CPU.Build.0 = Debug|Any CPU
		{5A2E2838-D248-4A1C-A4C6-017C41E13356}.Release|Any CPU.ActiveCfg = Release|Any CPU
		{5A2E2838-D248-4A1C-A4C6-017C41E13356}.Release|Any CPU.Build.0 = Release|Any CPU
		{18404B87-3AF2-436E-9952-8E9EE3CD7860}.Debug|Any CPU.ActiveCfg = Debug|Any CPU
		{18404B87-3AF2-436E-9952-8E9EE3CD7860}.Debug|Any CPU.Build.0 = Debug|Any CPU
		{18404B87-3AF2-436E-9952-8E9EE3CD7860}.Release|Any CPU.ActiveCfg = Release|Any CPU
		{18404B87-3AF2-436E-9952-8E9EE3CD7860}.Release|Any CPU.Build.0 = Release|Any CPU
		{8CC555EB-28B1-404F-9434-1613692A4F22}.Debug|Any CPU.ActiveCfg = Debug|Any CPU
		{8CC555EB-28B1-404F-9434-1613692A4F22}.Debug|Any CPU.Build.0 = Debug|Any CPU
		{8CC555EB-28B1-404F-9434-1613692A4F22}.Release|Any CPU.ActiveCfg = Release|Any CPU
		{8CC555EB-28B1-404F-9434-1613692A4F22}.Release|Any CPU.Build.0 = Release|Any CPU
		{F7193CDA-5328-4C74-84F4-ECD5E6D47BD6}.Debug|Any CPU.ActiveCfg = Debug|Any CPU
		{F7193CDA-5328-4C74-84F4-ECD5E6D47BD6}.Debug|Any CPU.Build.0 = Debug|Any CPU
		{F7193CDA-5328-4C74-84F4-ECD5E6D47BD6}.Release|Any CPU.ActiveCfg = Release|Any CPU
		{F7193CDA-5328-4C74-84F4-ECD5E6D47BD6}.Release|Any CPU.Build.0 = Release|Any CPU
		{02BD1E53-C9C4-49A7-B4A8-8482A2EA5EC7}.Debug|Any CPU.ActiveCfg = Debug|Any CPU
		{02BD1E53-C9C4-49A7-B4A8-8482A2EA5EC7}.Debug|Any CPU.Build.0 = Debug|Any CPU
		{02BD1E53-C9C4-49A7-B4A8-8482A2EA5EC7}.Release|Any CPU.ActiveCfg = Release|Any CPU
		{02BD1E53-C9C4-49A7-B4A8-8482A2EA5EC7}.Release|Any CPU.Build.0 = Release|Any CPU
		{25A7F0F9-6D38-4013-818F-8D3DA13B116C}.Debug|Any CPU.ActiveCfg = Debug|Any CPU
		{25A7F0F9-6D38-4013-818F-8D3DA13B116C}.Debug|Any CPU.Build.0 = Debug|Any CPU
		{25A7F0F9-6D38-4013-818F-8D3DA13B116C}.Release|Any CPU.ActiveCfg = Release|Any CPU
		{25A7F0F9-6D38-4013-818F-8D3DA13B116C}.Release|Any CPU.Build.0 = Release|Any CPU
	EndGlobalSection
	GlobalSection(SolutionProperties) = preSolution
		HideSolutionNode = FALSE
	EndGlobalSection
	GlobalSection(NestedProjects) = preSolution
		{FE0589C6-0E12-4846-8633-C2414FDA10B2} = {D9601ACB-0390-4B9D-B3D9-BE47FE5FCF75}
		{EBDB93FA-CCCC-4EC0-8015-213BD8DFA5AE} = {D9601ACB-0390-4B9D-B3D9-BE47FE5FCF75}
		{05E3F6CA-4A01-477B-8EA9-A1AF6E3CF70B} = {D9601ACB-0390-4B9D-B3D9-BE47FE5FCF75}
		{D9E91C75-450E-4BC8-8D4D-492438962030} = {EBDB93FA-CCCC-4EC0-8015-213BD8DFA5AE}
		{EF77468F-D4D7-41D4-8351-6E35AAAB5182} = {D9601ACB-0390-4B9D-B3D9-BE47FE5FCF75}
		{B8AA6B86-EE9D-4357-BBBA-B485F073E233} = {EBDB93FA-CCCC-4EC0-8015-213BD8DFA5AE}
		{AC975F3C-13C2-4D1A-B3C5-D436FC521D32} = {D9601ACB-0390-4B9D-B3D9-BE47FE5FCF75}
		{0E5709CC-8F1B-41A3-9C8F-6F66EDC37EC0} = {AC975F3C-13C2-4D1A-B3C5-D436FC521D32}
		{5E85EB26-BD2B-403F-876D-25A19722BF28} = {0E5709CC-8F1B-41A3-9C8F-6F66EDC37EC0}
		{7ED28600-B928-41C0-9512-610AF0D5EA3B} = {0E5709CC-8F1B-41A3-9C8F-6F66EDC37EC0}
		{EDC66AB2-C942-4715-8E1F-AD9FA233B8F6} = {0E5709CC-8F1B-41A3-9C8F-6F66EDC37EC0}
		{99C5450C-955A-4856-B720-421F16B4930A} = {0E5709CC-8F1B-41A3-9C8F-6F66EDC37EC0}
		{467B8092-1CF7-4956-BFEA-FB1D0A371FF1} = {FE0589C6-0E12-4846-8633-C2414FDA10B2}
		{B4D1FDF1-750B-4BA6-BC19-E09D2A8A4723} = {EDC66AB2-C942-4715-8E1F-AD9FA233B8F6}
		{26EF2FA5-27F9-414A-864D-D27B0BF282D9} = {5E85EB26-BD2B-403F-876D-25A19722BF28}
		{43B628C0-870E-4B6C-82B0-BE04F38E5307} = {0E5709CC-8F1B-41A3-9C8F-6F66EDC37EC0}
		{4E7C23F1-0014-49AE-A2C6-0151D898E037} = {05E3F6CA-4A01-477B-8EA9-A1AF6E3CF70B}
		{99DC2184-3452-433D-B2AF-C2DFE40804F1} = {D9601ACB-0390-4B9D-B3D9-BE47FE5FCF75}
		{5A2E2838-D248-4A1C-A4C6-017C41E13356} = {99DC2184-3452-433D-B2AF-C2DFE40804F1}
		{18404B87-3AF2-436E-9952-8E9EE3CD7860} = {EF77468F-D4D7-41D4-8351-6E35AAAB5182}
		{8CC555EB-28B1-404F-9434-1613692A4F22} = {99DC2184-3452-433D-B2AF-C2DFE40804F1}
		{F7193CDA-5328-4C74-84F4-ECD5E6D47BD6} = {99DC2184-3452-433D-B2AF-C2DFE40804F1}
		{02BD1E53-C9C4-49A7-B4A8-8482A2EA5EC7} = {99DC2184-3452-433D-B2AF-C2DFE40804F1}
		{25A7F0F9-6D38-4013-818F-8D3DA13B116C} = {EF77468F-D4D7-41D4-8351-6E35AAAB5182}
	EndGlobalSection
	GlobalSection(ExtensibilityGlobals) = postSolution
		SolutionGuid = {D21E1920-7EA2-41F3-AA5D-A598681BB756}
	EndGlobalSection
EndGlobal
